
Microsoft Visual Studio Solution File, Format Version 12.00
# Visual Studio Version 16
VisualStudioVersion = 16.0.29613.14
MinimumVisualStudioVersion = 10.0.40219.1
Project("{9A19103F-16F7-4668-BE54-9A1E7A4F7556}") = "DevIO.Business", "src\DevIO.Business\DevIO.Business.csproj", "{6DD1ACA6-9214-40B6-ABBD-F045A16BBF70}"
EndProject
Project("{9A19103F-16F7-4668-BE54-9A1E7A4F7556}") = "DevIO.Data", "src\DevIO.Data\DevIO.Data.csproj", "{EC8D5E9C-E050-4146-9F44-06E469827E60}"
EndProject
Project("{9A19103F-16F7-4668-BE54-9A1E7A4F7556}") = "DevIO.Api", "src\DevIO.Api\DevIO.Api.csproj", "{4F6880D3-DB34-4FE3-AFDE-2C467F0F37FA}"
EndProject
Global
	GlobalSection(SolutionConfigurationPlatforms) = preSolution
		Debug|Any CPU = Debug|Any CPU
		Release|Any CPU = Release|Any CPU
	EndGlobalSection
	GlobalSection(ProjectConfigurationPlatforms) = postSolution
		{6DD1ACA6-9214-40B6-ABBD-F045A16BBF70}.Debug|Any CPU.ActiveCfg = Debug|Any CPU
		{6DD1ACA6-9214-40B6-ABBD-F045A16BBF70}.Debug|Any CPU.Build.0 = Debug|Any CPU
		{6DD1ACA6-9214-40B6-ABBD-F045A16BBF70}.Release|Any CPU.ActiveCfg = Release|Any CPU
		{6DD1ACA6-9214-40B6-ABBD-F045A16BBF70}.Release|Any CPU.Build.0 = Release|Any CPU
		{EC8D5E9C-E050-4146-9F44-06E469827E60}.Debug|Any CPU.ActiveCfg = Debug|Any CPU
		{EC8D5E9C-E050-4146-9F44-06E469827E60}.Debug|Any CPU.Build.0 = Debug|Any CPU
		{EC8D5E9C-E050-4146-9F44-06E469827E60}.Release|Any CPU.ActiveCfg = Release|Any CPU
		{EC8D5E9C-E050-4146-9F44-06E469827E60}.Release|Any CPU.Build.0 = Release|Any CPU
		{4F6880D3-DB34-4FE3-AFDE-2C467F0F37FA}.Debug|Any CPU.ActiveCfg = Debug|Any CPU
		{4F6880D3-DB34-4FE3-AFDE-2C467F0F37FA}.Debug|Any CPU.Build.0 = Debug|Any CPU
		{4F6880D3-DB34-4FE3-AFDE-2C467F0F37FA}.Release|Any CPU.ActiveCfg = Release|Any CPU
		{4F6880D3-DB34-4FE3-AFDE-2C467F0F37FA}.Release|Any CPU.Build.0 = Release|Any CPU
	EndGlobalSection
	GlobalSection(SolutionProperties) = preSolution
		HideSolutionNode = FALSE
	EndGlobalSection
	GlobalSection(ExtensibilityGlobals) = postSolution
		SolutionGuid = {B6E6BA3E-064D-40F3-B858-916B597864AD}
	EndGlobalSection
EndGlobal
